// !$*UTF8*$!
{
	archiveVersion = 1;
	classes = {
	};
	objectVersion = 51;
	objects = {

/* Begin PBXBuildFile section */
		EA46A0A12585F91D0076ECBB /* AppDelegate.swift in Sources */ = {isa = PBXBuildFile; fileRef = EA46A0A02585F91D0076ECBB /* AppDelegate.swift */; };
		EA46A0A32585F91D0076ECBB /* SceneDelegate.swift in Sources */ = {isa = PBXBuildFile; fileRef = EA46A0A22585F91D0076ECBB /* SceneDelegate.swift */; };
		EA46A0A52585F91D0076ECBB /* BuyGogglesController.swift in Sources */ = {isa = PBXBuildFile; fileRef = EA46A0A42585F91D0076ECBB /* BuyGogglesController.swift */; };
		EA46A0A82585F91D0076ECBB /* Main.storyboard in Resources */ = {isa = PBXBuildFile; fileRef = EA46A0A62585F91D0076ECBB /* Main.storyboard */; };
		EA46A0AA2585F91E0076ECBB /* Assets.xcassets in Resources */ = {isa = PBXBuildFile; fileRef = EA46A0A92585F91E0076ECBB /* Assets.xcassets */; };
		EA46A0AD2585F91E0076ECBB /* LaunchScreen.storyboard in Resources */ = {isa = PBXBuildFile; fileRef = EA46A0AB2585F91E0076ECBB /* LaunchScreen.storyboard */; };
		EA46A0BF2586046B0076ECBB /* GoggleData.swift in Sources */ = {isa = PBXBuildFile; fileRef = EA46A0BE2586046B0076ECBB /* GoggleData.swift */; };
		EA46A0C225861DF70076ECBB /* CollectionCell.swift in Sources */ = {isa = PBXBuildFile; fileRef = EA46A0C125861DF70076ECBB /* CollectionCell.swift */; };
		EA46A0DD2588A5B40076ECBB /* HeaderView.swift in Sources */ = {isa = PBXBuildFile; fileRef = EA46A0DC2588A5B40076ECBB /* HeaderView.swift */; };
		EA46A0E02588AB690076ECBB /* FooterView.swift in Sources */ = {isa = PBXBuildFile; fileRef = EA46A0DF2588AB690076ECBB /* FooterView.swift */; };
		EA46A0E62589BD230076ECBB /* Constants.swift in Sources */ = {isa = PBXBuildFile; fileRef = EA46A0E52589BD230076ECBB /* Constants.swift */; };
		EA46A0E92589DDA70076ECBB /* GoggleDetailController.swift in Sources */ = {isa = PBXBuildFile; fileRef = EA46A0E82589DDA70076ECBB /* GoggleDetailController.swift */; };
		EA46A0FB258C96820076ECBB /* CheckoutController.swift in Sources */ = {isa = PBXBuildFile; fileRef = EA46A0FA258C96820076ECBB /* CheckoutController.swift */; };
		EA46A103258DEDB30076ECBB /* TableViewCell.swift in Sources */ = {isa = PBXBuildFile; fileRef = EA46A102258DEDB30076ECBB /* TableViewCell.swift */; };
		EA95265A25949CD800808F42 /* TitleCell.swift in Sources */ = {isa = PBXBuildFile; fileRef = EA95265925949CD800808F42 /* TitleCell.swift */; };
		EA95266125968C6300808F42 /* SnowView.swift in Sources */ = {isa = PBXBuildFile; fileRef = EA95266025968C6300808F42 /* SnowView.swift */; };
		EA9FD858258F1866000E1CFB /* CreateCSV.swift in Sources */ = {isa = PBXBuildFile; fileRef = EA9FD857258F1866000E1CFB /* CreateCSV.swift */; };
		EAAC4A6525B6AB3D00260CAF /* LoginController.swift in Sources */ = {isa = PBXBuildFile; fileRef = EAAC4A6425B6AB3D00260CAF /* LoginController.swift */; };
		EAAC4A6925B6B40F00260CAF /* GoogleService-Info.plist in Resources */ = {isa = PBXBuildFile; fileRef = EAAC4A6825B6B40F00260CAF /* GoogleService-Info.plist */; };
		EFF93304BBFE9FA2E5A7E526 /* Pods_BuyGoggles.framework in Frameworks */ = {isa = PBXBuildFile; fileRef = AD37A9C447FD322DA7B50163 /* Pods_BuyGoggles.framework */; };
/* End PBXBuildFile section */

/* Begin PBXFileReference section */
		15952DC030BE2D2441A4F620 /* Pods-BuyGoggles.release.xcconfig */ = {isa = PBXFileReference; includeInIndex = 1; lastKnownFileType = text.xcconfig; name = "Pods-BuyGoggles.release.xcconfig"; path = "Target Support Files/Pods-BuyGoggles/Pods-BuyGoggles.release.xcconfig"; sourceTree = "<group>"; };
		AD37A9C447FD322DA7B50163 /* Pods_BuyGoggles.framework */ = {isa = PBXFileReference; explicitFileType = wrapper.framework; includeInIndex = 0; path = Pods_BuyGoggles.framework; sourceTree = BUILT_PRODUCTS_DIR; };
		E35EB6B717C7F115E06617CB /* Pods-BuyGoggles.debug.xcconfig */ = {isa = PBXFileReference; includeInIndex = 1; lastKnownFileType = text.xcconfig; name = "Pods-BuyGoggles.debug.xcconfig"; path = "Target Support Files/Pods-BuyGoggles/Pods-BuyGoggles.debug.xcconfig"; sourceTree = "<group>"; };
		EA46A09D2585F91D0076ECBB /* BuyGoggles.app */ = {isa = PBXFileReference; explicitFileType = wrapper.application; includeInIndex = 0; path = BuyGoggles.app; sourceTree = BUILT_PRODUCTS_DIR; };
		EA46A0A02585F91D0076ECBB /* AppDelegate.swift */ = {isa = PBXFileReference; lastKnownFileType = sourcecode.swift; path = AppDelegate.swift; sourceTree = "<group>"; };
		EA46A0A22585F91D0076ECBB /* SceneDelegate.swift */ = {isa = PBXFileReference; lastKnownFileType = sourcecode.swift; path = SceneDelegate.swift; sourceTree = "<group>"; };
		EA46A0A42585F91D0076ECBB /* BuyGogglesController.swift */ = {isa = PBXFileReference; lastKnownFileType = sourcecode.swift; path = BuyGogglesController.swift; sourceTree = "<group>"; };
		EA46A0A72585F91D0076ECBB /* Base */ = {isa = PBXFileReference; lastKnownFileType = file.storyboard; name = Base; path = Base.lproj/Main.storyboard; sourceTree = "<group>"; };
		EA46A0A92585F91E0076ECBB /* Assets.xcassets */ = {isa = PBXFileReference; lastKnownFileType = folder.assetcatalog; path = Assets.xcassets; sourceTree = "<group>"; };
		EA46A0AC2585F91E0076ECBB /* Base */ = {isa = PBXFileReference; lastKnownFileType = file.storyboard; name = Base; path = Base.lproj/LaunchScreen.storyboard; sourceTree = "<group>"; };
		EA46A0AE2585F91E0076ECBB /* Info.plist */ = {isa = PBXFileReference; lastKnownFileType = text.plist.xml; path = Info.plist; sourceTree = "<group>"; };
		EA46A0BE2586046B0076ECBB /* GoggleData.swift */ = {isa = PBXFileReference; lastKnownFileType = sourcecode.swift; path = GoggleData.swift; sourceTree = "<group>"; };
		EA46A0C125861DF70076ECBB /* CollectionCell.swift */ = {isa = PBXFileReference; lastKnownFileType = sourcecode.swift; path = CollectionCell.swift; sourceTree = "<group>"; };
		EA46A0DC2588A5B40076ECBB /* HeaderView.swift */ = {isa = PBXFileReference; lastKnownFileType = sourcecode.swift; path = HeaderView.swift; sourceTree = "<group>"; };
		EA46A0DF2588AB690076ECBB /* FooterView.swift */ = {isa = PBXFileReference; lastKnownFileType = sourcecode.swift; path = FooterView.swift; sourceTree = "<group>"; };
		EA46A0E52589BD230076ECBB /* Constants.swift */ = {isa = PBXFileReference; lastKnownFileType = sourcecode.swift; path = Constants.swift; sourceTree = "<group>"; };
		EA46A0E82589DDA70076ECBB /* GoggleDetailController.swift */ = {isa = PBXFileReference; lastKnownFileType = sourcecode.swift; path = GoggleDetailController.swift; sourceTree = "<group>"; };
		EA46A0FA258C96820076ECBB /* CheckoutController.swift */ = {isa = PBXFileReference; lastKnownFileType = sourcecode.swift; path = CheckoutController.swift; sourceTree = "<group>"; };
		EA46A102258DEDB30076ECBB /* TableViewCell.swift */ = {isa = PBXFileReference; lastKnownFileType = sourcecode.swift; path = TableViewCell.swift; sourceTree = "<group>"; };
		EA95265925949CD800808F42 /* TitleCell.swift */ = {isa = PBXFileReference; lastKnownFileType = sourcecode.swift; path = TitleCell.swift; sourceTree = "<group>"; };
		EA95266025968C6300808F42 /* SnowView.swift */ = {isa = PBXFileReference; lastKnownFileType = sourcecode.swift; path = SnowView.swift; sourceTree = "<group>"; };
		EA9FD857258F1866000E1CFB /* CreateCSV.swift */ = {isa = PBXFileReference; lastKnownFileType = sourcecode.swift; path = CreateCSV.swift; sourceTree = "<group>"; };
		EAAC4A6425B6AB3D00260CAF /* LoginController.swift */ = {isa = PBXFileReference; lastKnownFileType = sourcecode.swift; path = LoginController.swift; sourceTree = "<group>"; };
		EAAC4A6825B6B40F00260CAF /* GoogleService-Info.plist */ = {isa = PBXFileReference; fileEncoding = 4; lastKnownFileType = text.plist.xml; path = "GoogleService-Info.plist"; sourceTree = "<group>"; };
		EAE48F3925C32D9800709098 /* BuyGoggles.entitlements */ = {isa = PBXFileReference; lastKnownFileType = text.plist.entitlements; path = BuyGoggles.entitlements; sourceTree = "<group>"; };
/* End PBXFileReference section */

/* Begin PBXFrameworksBuildPhase section */
		EA46A09A2585F91D0076ECBB /* Frameworks */ = {
			isa = PBXFrameworksBuildPhase;
			buildActionMask = 2147483647;
			files = (
				EFF93304BBFE9FA2E5A7E526 /* Pods_BuyGoggles.framework in Frameworks */,
			);
			runOnlyForDeploymentPostprocessing = 0;
		};
/* End PBXFrameworksBuildPhase section */

/* Begin PBXGroup section */
		40A4B3CE9FB93B8EDC9C0753 /* Pods */ = {
			isa = PBXGroup;
			children = (
				E35EB6B717C7F115E06617CB /* Pods-BuyGoggles.debug.xcconfig */,
				15952DC030BE2D2441A4F620 /* Pods-BuyGoggles.release.xcconfig */,
			);
			path = Pods;
			sourceTree = "<group>";
		};
		DD2EF68E140D781ADA5866EB /* Frameworks */ = {
			isa = PBXGroup;
			children = (
				AD37A9C447FD322DA7B50163 /* Pods_BuyGoggles.framework */,
			);
			name = Frameworks;
			sourceTree = "<group>";
		};
		EA46A0942585F91D0076ECBB = {
			isa = PBXGroup;
			children = (
				EA46A09F2585F91D0076ECBB /* BuyGoggles */,
				EA46A09E2585F91D0076ECBB /* Products */,
				40A4B3CE9FB93B8EDC9C0753 /* Pods */,
				DD2EF68E140D781ADA5866EB /* Frameworks */,
			);
			sourceTree = "<group>";
		};
		EA46A09E2585F91D0076ECBB /* Products */ = {
			isa = PBXGroup;
			children = (
				EA46A09D2585F91D0076ECBB /* BuyGoggles.app */,
			);
			name = Products;
			sourceTree = "<group>";
		};
		EA46A09F2585F91D0076ECBB /* BuyGoggles */ = {
			isa = PBXGroup;
			children = (
				EAE48F3925C32D9800709098 /* BuyGoggles.entitlements */,
				EA46A0A02585F91D0076ECBB /* AppDelegate.swift */,
				EA46A0A22585F91D0076ECBB /* SceneDelegate.swift */,
				EA46A0BB2585FA370076ECBB /* Models */,
				EA46A0B82585FA220076ECBB /* Controllers */,
				EA46A0BA2585FA2E0076ECBB /* Views */,
				EA46A0A92585F91E0076ECBB /* Assets.xcassets */,
				EA46A0AB2585F91E0076ECBB /* LaunchScreen.storyboard */,
				EA46A0AE2585F91E0076ECBB /* Info.plist */,
				EAAC4A6825B6B40F00260CAF /* GoogleService-Info.plist */,
			);
			path = BuyGoggles;
			sourceTree = "<group>";
		};
		EA46A0B82585FA220076ECBB /* Controllers */ = {
			isa = PBXGroup;
			children = (
				EAAC4A6425B6AB3D00260CAF /* LoginController.swift */,
				EA46A0A42585F91D0076ECBB /* BuyGogglesController.swift */,
				EA46A0E82589DDA70076ECBB /* GoggleDetailController.swift */,
				EA46A0FA258C96820076ECBB /* CheckoutController.swift */,
			);
			path = Controllers;
			sourceTree = "<group>";
		};
		EA46A0BA2585FA2E0076ECBB /* Views */ = {
			isa = PBXGroup;
			children = (
				EA46A0A62585F91D0076ECBB /* Main.storyboard */,
				EA95265925949CD800808F42 /* TitleCell.swift */,
				EA46A0C125861DF70076ECBB /* CollectionCell.swift */,
				EA46A0DC2588A5B40076ECBB /* HeaderView.swift */,
				EA46A0DF2588AB690076ECBB /* FooterView.swift */,
				EA46A102258DEDB30076ECBB /* TableViewCell.swift */,
			);
			path = Views;
			sourceTree = "<group>";
		};
		EA46A0BB2585FA370076ECBB /* Models */ = {
			isa = PBXGroup;
			children = (
				EA46A0BE2586046B0076ECBB /* GoggleData.swift */,
				EA46A0E52589BD230076ECBB /* Constants.swift */,
				EA9FD857258F1866000E1CFB /* CreateCSV.swift */,
				EA95266025968C6300808F42 /* SnowView.swift */,
			);
			path = Models;
			sourceTree = "<group>";
		};
/* End PBXGroup section */

/* Begin PBXNativeTarget section */
		EA46A09C2585F91D0076ECBB /* BuyGoggles */ = {
			isa = PBXNativeTarget;
			buildConfigurationList = EA46A0B12585F91E0076ECBB /* Build configuration list for PBXNativeTarget "BuyGoggles" */;
			buildPhases = (
				C72923EB3E5ABB09AF77EA96 /* [CP] Check Pods Manifest.lock */,
				EA46A0992585F91D0076ECBB /* Sources */,
				EA46A09A2585F91D0076ECBB /* Frameworks */,
				EA46A09B2585F91D0076ECBB /* Resources */,
				571705ED396FF8408E326A8D /* [CP] Embed Pods Frameworks */,
			);
			buildRules = (
			);
			dependencies = (
			);
			name = BuyGoggles;
			productName = BuyGoggles;
			productReference = EA46A09D2585F91D0076ECBB /* BuyGoggles.app */;
			productType = "com.apple.product-type.application";
		};
/* End PBXNativeTarget section */

/* Begin PBXProject section */
		EA46A0952585F91D0076ECBB /* Project object */ = {
			isa = PBXProject;
			attributes = {
				LastSwiftUpdateCheck = 1220;
				LastUpgradeCheck = 1220;
				TargetAttributes = {
					EA46A09C2585F91D0076ECBB = {
						CreatedOnToolsVersion = 12.2;
					};
				};
			};
			buildConfigurationList = EA46A0982585F91D0076ECBB /* Build configuration list for PBXProject "BuyGoggles" */;
			compatibilityVersion = "Xcode 9.3";
			developmentRegion = en;
			hasScannedForEncodings = 0;
			knownRegions = (
				en,
				Base,
			);
			mainGroup = EA46A0942585F91D0076ECBB;
			productRefGroup = EA46A09E2585F91D0076ECBB /* Products */;
			projectDirPath = "";
			projectRoot = "";
			targets = (
				EA46A09C2585F91D0076ECBB /* BuyGoggles */,
			);
		};
/* End PBXProject section */

/* Begin PBXResourcesBuildPhase section */
		EA46A09B2585F91D0076ECBB /* Resources */ = {
			isa = PBXResourcesBuildPhase;
			buildActionMask = 2147483647;
			files = (
				EA46A0AD2585F91E0076ECBB /* LaunchScreen.storyboard in Resources */,
				EA46A0AA2585F91E0076ECBB /* Assets.xcassets in Resources */,
				EAAC4A6925B6B40F00260CAF /* GoogleService-Info.plist in Resources */,
				EA46A0A82585F91D0076ECBB /* Main.storyboard in Resources */,
			);
			runOnlyForDeploymentPostprocessing = 0;
		};
/* End PBXResourcesBuildPhase section */

/* Begin PBXShellScriptBuildPhase section */
		571705ED396FF8408E326A8D /* [CP] Embed Pods Frameworks */ = {
			isa = PBXShellScriptBuildPhase;
			buildActionMask = 2147483647;
			files = (
			);
			inputFileListPaths = (
				"${PODS_ROOT}/Target Support Files/Pods-BuyGoggles/Pods-BuyGoggles-frameworks-${CONFIGURATION}-input-files.xcfilelist",
			);
			name = "[CP] Embed Pods Frameworks";
			outputFileListPaths = (
				"${PODS_ROOT}/Target Support Files/Pods-BuyGoggles/Pods-BuyGoggles-frameworks-${CONFIGURATION}-output-files.xcfilelist",
			);
			runOnlyForDeploymentPostprocessing = 0;
			shellPath = /bin/sh;
			shellScript = "\"${PODS_ROOT}/Target Support Files/Pods-BuyGoggles/Pods-BuyGoggles-frameworks.sh\"\n";
			showEnvVarsInLog = 0;
		};
		C72923EB3E5ABB09AF77EA96 /* [CP] Check Pods Manifest.lock */ = {
			isa = PBXShellScriptBuildPhase;
			buildActionMask = 2147483647;
			files = (
			);
			inputFileListPaths = (
			);
			inputPaths = (
				"${PODS_PODFILE_DIR_PATH}/Podfile.lock",
				"${PODS_ROOT}/Manifest.lock",
			);
			name = "[CP] Check Pods Manifest.lock";
			outputFileListPaths = (
			);
			outputPaths = (
				"$(DERIVED_FILE_DIR)/Pods-BuyGoggles-checkManifestLockResult.txt",
			);
			runOnlyForDeploymentPostprocessing = 0;
			shellPath = /bin/sh;
			shellScript = "diff \"${PODS_PODFILE_DIR_PATH}/Podfile.lock\" \"${PODS_ROOT}/Manifest.lock\" > /dev/null\nif [ $? != 0 ] ; then\n    # print error to STDERR\n    echo \"error: The sandbox is not in sync with the Podfile.lock. Run 'pod install' or update your CocoaPods installation.\" >&2\n    exit 1\nfi\n# This output is used by Xcode 'outputs' to avoid re-running this script phase.\necho \"SUCCESS\" > \"${SCRIPT_OUTPUT_FILE_0}\"\n";
			showEnvVarsInLog = 0;
		};
/* End PBXShellScriptBuildPhase section */

/* Begin PBXSourcesBuildPhase section */
		EA46A0992585F91D0076ECBB /* Sources */ = {
			isa = PBXSourcesBuildPhase;
			buildActionMask = 2147483647;
			files = (
				EA46A0A52585F91D0076ECBB /* BuyGogglesController.swift in Sources */,
				EA46A0E02588AB690076ECBB /* FooterView.swift in Sources */,
				EA46A0DD2588A5B40076ECBB /* HeaderView.swift in Sources */,
				EA95265A25949CD800808F42 /* TitleCell.swift in Sources */,
				EAAC4A6525B6AB3D00260CAF /* LoginController.swift in Sources */,
				EA46A0A12585F91D0076ECBB /* AppDelegate.swift in Sources */,
				EA46A0C225861DF70076ECBB /* CollectionCell.swift in Sources */,
				EA46A0FB258C96820076ECBB /* CheckoutController.swift in Sources */,
				EA46A103258DEDB30076ECBB /* TableViewCell.swift in Sources */,
				EA46A0E92589DDA70076ECBB /* GoggleDetailController.swift in Sources */,
				EA95266125968C6300808F42 /* SnowView.swift in Sources */,
				EA46A0BF2586046B0076ECBB /* GoggleData.swift in Sources */,
				EA46A0A32585F91D0076ECBB /* SceneDelegate.swift in Sources */,
				EA9FD858258F1866000E1CFB /* CreateCSV.swift in Sources */,
				EA46A0E62589BD230076ECBB /* Constants.swift in Sources */,
			);
			runOnlyForDeploymentPostprocessing = 0;
		};
/* End PBXSourcesBuildPhase section */

/* Begin PBXVariantGroup section */
		EA46A0A62585F91D0076ECBB /* Main.storyboard */ = {
			isa = PBXVariantGroup;
			children = (
				EA46A0A72585F91D0076ECBB /* Base */,
			);
			name = Main.storyboard;
			sourceTree = "<group>";
		};
		EA46A0AB2585F91E0076ECBB /* LaunchScreen.storyboard */ = {
			isa = PBXVariantGroup;
			children = (
				EA46A0AC2585F91E0076ECBB /* Base */,
			);
			name = LaunchScreen.storyboard;
			sourceTree = "<group>";
		};
/* End PBXVariantGroup section */

/* Begin XCBuildConfiguration section */
		EA46A0AF2585F91E0076ECBB /* Debug */ = {
			isa = XCBuildConfiguration;
			buildSettings = {
				ALWAYS_SEARCH_USER_PATHS = NO;
				CLANG_ANALYZER_NONNULL = YES;
				CLANG_ANALYZER_NUMBER_OBJECT_CONVERSION = YES_AGGRESSIVE;
				CLANG_CXX_LANGUAGE_STANDARD = "gnu++14";
				CLANG_CXX_LIBRARY = "libc++";
				CLANG_ENABLE_MODULES = YES;
				CLANG_ENABLE_OBJC_ARC = YES;
				CLANG_ENABLE_OBJC_WEAK = YES;
				CLANG_WARN_BLOCK_CAPTURE_AUTORELEASING = YES;
				CLANG_WARN_BOOL_CONVERSION = YES;
				CLANG_WARN_COMMA = YES;
				CLANG_WARN_CONSTANT_CONVERSION = YES;
				CLANG_WARN_DEPRECATED_OBJC_IMPLEMENTATIONS = YES;
				CLANG_WARN_DIRECT_OBJC_ISA_USAGE = YES_ERROR;
				CLANG_WARN_DOCUMENTATION_COMMENTS = YES;
				CLANG_WARN_EMPTY_BODY = YES;
				CLANG_WARN_ENUM_CONVERSION = YES;
				CLANG_WARN_INFINITE_RECURSION = YES;
				CLANG_WARN_INT_CONVERSION = YES;
				CLANG_WARN_NON_LITERAL_NULL_CONVERSION = YES;
				CLANG_WARN_OBJC_IMPLICIT_RETAIN_SELF = YES;
				CLANG_WARN_OBJC_LITERAL_CONVERSION = YES;
				CLANG_WARN_OBJC_ROOT_CLASS = YES_ERROR;
				CLANG_WARN_QUOTED_INCLUDE_IN_FRAMEWORK_HEADER = YES;
				CLANG_WARN_RANGE_LOOP_ANALYSIS = YES;
				CLANG_WARN_STRICT_PROTOTYPES = YES;
				CLANG_WARN_SUSPICIOUS_MOVE = YES;
				CLANG_WARN_UNGUARDED_AVAILABILITY = YES_AGGRESSIVE;
				CLANG_WARN_UNREACHABLE_CODE = YES;
				CLANG_WARN__DUPLICATE_METHOD_MATCH = YES;
				COPY_PHASE_STRIP = NO;
				DEBUG_INFORMATION_FORMAT = dwarf;
				ENABLE_STRICT_OBJC_MSGSEND = YES;
				ENABLE_TESTABILITY = YES;
				GCC_C_LANGUAGE_STANDARD = gnu11;
				GCC_DYNAMIC_NO_PIC = NO;
				GCC_NO_COMMON_BLOCKS = YES;
				GCC_OPTIMIZATION_LEVEL = 0;
				GCC_PREPROCESSOR_DEFINITIONS = (
					"DEBUG=1",
					"$(inherited)",
				);
				GCC_WARN_64_TO_32_BIT_CONVERSION = YES;
				GCC_WARN_ABOUT_RETURN_TYPE = YES_ERROR;
				GCC_WARN_UNDECLARED_SELECTOR = YES;
				GCC_WARN_UNINITIALIZED_AUTOS = YES_AGGRESSIVE;
				GCC_WARN_UNUSED_FUNCTION = YES;
				GCC_WARN_UNUSED_VARIABLE = YES;
				IPHONEOS_DEPLOYMENT_TARGET = 13.0;
				MTL_ENABLE_DEBUG_INFO = INCLUDE_SOURCE;
				MTL_FAST_MATH = YES;
				ONLY_ACTIVE_ARCH = YES;
				SDKROOT = iphoneos;
				SWIFT_ACTIVE_COMPILATION_CONDITIONS = DEBUG;
				SWIFT_OPTIMIZATION_LEVEL = "-Onone";
			};
			name = Debug;
		};
		EA46A0B02585F91E0076ECBB /* Release */ = {
			isa = XCBuildConfiguration;
			buildSettings = {
				ALWAYS_SEARCH_USER_PATHS = NO;
				CLANG_ANALYZER_NONNULL = YES;
				CLANG_ANALYZER_NUMBER_OBJECT_CONVERSION = YES_AGGRESSIVE;
				CLANG_CXX_LANGUAGE_STANDARD = "gnu++14";
				CLANG_CXX_LIBRARY = "libc++";
				CLANG_ENABLE_MODULES = YES;
				CLANG_ENABLE_OBJC_ARC = YES;
				CLANG_ENABLE_OBJC_WEAK = YES;
				CLANG_WARN_BLOCK_CAPTURE_AUTORELEASING = YES;
				CLANG_WARN_BOOL_CONVERSION = YES;
				CLANG_WARN_COMMA = YES;
				CLANG_WARN_CONSTANT_CONVERSION = YES;
				CLANG_WARN_DEPRECATED_OBJC_IMPLEMENTATIONS = YES;
				CLANG_WARN_DIRECT_OBJC_ISA_USAGE = YES_ERROR;
				CLANG_WARN_DOCUMENTATION_COMMENTS = YES;
				CLANG_WARN_EMPTY_BODY = YES;
				CLANG_WARN_ENUM_CONVERSION = YES;
				CLANG_WARN_INFINITE_RECURSION = YES;
				CLANG_WARN_INT_CONVERSION = YES;
				CLANG_WARN_NON_LITERAL_NULL_CONVERSION = YES;
				CLANG_WARN_OBJC_IMPLICIT_RETAIN_SELF = YES;
				CLANG_WARN_OBJC_LITERAL_CONVERSION = YES;
				CLANG_WARN_OBJC_ROOT_CLASS = YES_ERROR;
				CLANG_WARN_QUOTED_INCLUDE_IN_FRAMEWORK_HEADER = YES;
				CLANG_WARN_RANGE_LOOP_ANALYSIS = YES;
				CLANG_WARN_STRICT_PROTOTYPES = YES;
				CLANG_WARN_SUSPICIOUS_MOVE = YES;
				CLANG_WARN_UNGUARDED_AVAILABILITY = YES_AGGRESSIVE;
				CLANG_WARN_UNREACHABLE_CODE = YES;
				CLANG_WARN__DUPLICATE_METHOD_MATCH = YES;
				COPY_PHASE_STRIP = NO;
				DEBUG_INFORMATION_FORMAT = "dwarf-with-dsym";
				ENABLE_NS_ASSERTIONS = NO;
				ENABLE_STRICT_OBJC_MSGSEND = YES;
				GCC_C_LANGUAGE_STANDARD = gnu11;
				GCC_NO_COMMON_BLOCKS = YES;
				GCC_WARN_64_TO_32_BIT_CONVERSION = YES;
				GCC_WARN_ABOUT_RETURN_TYPE = YES_ERROR;
				GCC_WARN_UNDECLARED_SELECTOR = YES;
				GCC_WARN_UNINITIALIZED_AUTOS = YES_AGGRESSIVE;
				GCC_WARN_UNUSED_FUNCTION = YES;
				GCC_WARN_UNUSED_VARIABLE = YES;
				IPHONEOS_DEPLOYMENT_TARGET = 13.0;
				MTL_ENABLE_DEBUG_INFO = NO;
				MTL_FAST_MATH = YES;
				SDKROOT = iphoneos;
				SWIFT_COMPILATION_MODE = wholemodule;
				SWIFT_OPTIMIZATION_LEVEL = "-O";
				VALIDATE_PRODUCT = YES;
			};
			name = Release;
		};
		EA46A0B22585F91E0076ECBB /* Debug */ = {
			isa = XCBuildConfiguration;
			baseConfigurationReference = E35EB6B717C7F115E06617CB /* Pods-BuyGoggles.debug.xcconfig */;
			buildSettings = {
				ASSETCATALOG_COMPILER_APPICON_NAME = AppIcon;
				ASSETCATALOG_COMPILER_GLOBAL_ACCENT_COLOR_NAME = AccentColor;
				CODE_SIGN_ENTITLEMENTS = BuyGoggles/BuyGoggles.entitlements;
				CODE_SIGN_STYLE = Automatic;
				CURRENT_PROJECT_VERSION = 8;
				DEVELOPMENT_TEAM = LZ8V996BTJ;
				INFOPLIST_FILE = BuyGoggles/Info.plist;
				LD_RUNPATH_SEARCH_PATHS = (
					"$(inherited)",
					"@executable_path/Frameworks",
				);
				MARKETING_VERSION = 2.0;
				PRODUCT_BUNDLE_IDENTIFIER = "com.5play-apps.BuyGoggles2";
				PRODUCT_NAME = "$(TARGET_NAME)";
				SWIFT_VERSION = 5.0;
				TARGETED_DEVICE_FAMILY = "1,2";
			};
			name = Debug;
		};
		EA46A0B32585F91E0076ECBB /* Release */ = {
			isa = XCBuildConfiguration;
			baseConfigurationReference = 15952DC030BE2D2441A4F620 /* Pods-BuyGoggles.release.xcconfig */;
			buildSettings = {
				ASSETCATALOG_COMPILER_APPICON_NAME = AppIcon;
				ASSETCATALOG_COMPILER_GLOBAL_ACCENT_COLOR_NAME = AccentColor;
				CODE_SIGN_ENTITLEMENTS = BuyGoggles/BuyGoggles.entitlements;
				CODE_SIGN_STYLE = Automatic;
				CURRENT_PROJECT_VERSION = 8;
				DEVELOPMENT_TEAM = LZ8V996BTJ;
				INFOPLIST_FILE = BuyGoggles/Info.plist;
				LD_RUNPATH_SEARCH_PATHS = (
					"$(inherited)",
					"@executable_path/Frameworks",
				);
				MARKETING_VERSION = 2.0;
				PRODUCT_BUNDLE_IDENTIFIER = "com.5play-apps.BuyGoggles2";
				PRODUCT_NAME = "$(TARGET_NAME)";
				SWIFT_VERSION = 5.0;
				TARGETED_DEVICE_FAMILY = "1,2";
			};
			name = Release;
		};
/* End XCBuildConfiguration section */

/* Begin XCConfigurationList section */
		EA46A0982585F91D0076ECBB /* Build configuration list for PBXProject "BuyGoggles" */ = {
			isa = XCConfigurationList;
			buildConfigurations = (
				EA46A0AF2585F91E0076ECBB /* Debug */,
				EA46A0B02585F91E0076ECBB /* Release */,
			);
			defaultConfigurationIsVisible = 0;
			defaultConfigurationName = Release;
		};
		EA46A0B12585F91E0076ECBB /* Build configuration list for PBXNativeTarget "BuyGoggles" */ = {
			isa = XCConfigurationList;
			buildConfigurations = (
				EA46A0B22585F91E0076ECBB /* Debug */,
				EA46A0B32585F91E0076ECBB /* Release */,
			);
			defaultConfigurationIsVisible = 0;
			defaultConfigurationName = Release;
		};
/* End XCConfigurationList section */
	};
	rootObject = EA46A0952585F91D0076ECBB /* Project object */;
}
